
Microsoft Visual Studio Solution File, Format Version 12.00
# Visual Studio Version 17
VisualStudioVersion = 17.8.34322.80
MinimumVisualStudioVersion = 10.0.40219.1
Project("{54A90642-561A-4BB1-A94E-469ADEE60C69}") = "myLearning2UI", "myLearning2UI\myLearning2UI.esproj", "{5A8D1EDE-1875-48AB-A744-676D947A4EC2}"
EndProject
Project("{9A19103F-16F7-4668-BE54-9A1E7A4F7556}") = "myLearning2API", "myLearning2API\myLearning2API.csproj", "{F5248883-A9B3-47F6-B1EB-7710CD4DD489}"
EndProject
Project("{9A19103F-16F7-4668-BE54-9A1E7A4F7556}") = "myLearning.DataAccess.EFCore", "myLearning.DataAccess.EFCore\myLearning.DataAccess.EFCore.csproj", "{8E05A038-610C-4DBF-8FF4-CA025147D12F}"
EndProject
Project("{9A19103F-16F7-4668-BE54-9A1E7A4F7556}") = "myLearning.DIContainer", "myLearning.DIContainer\myLearning.DIContainer.csproj", "{F4CD78F6-F0E0-41F6-A33A-C77E1E0DD202}"
EndProject
Project("{9A19103F-16F7-4668-BE54-9A1E7A4F7556}") = "myLearning.Infrastructure", "myLearning.Infrastructure\myLearning.Infrastructure.csproj", "{CF50DA7B-97DE-424C-B4BE-273F2BED03A6}"
EndProject
Project("{9A19103F-16F7-4668-BE54-9A1E7A4F7556}") = "myLearning.Application", "myLearning.Application\myLearning.Application.csproj", "{7BA70ACA-7224-4CB6-9C3E-4556C8C8C20E}"
EndProject
Project("{2150E333-8FDC-42A3-9474-1A3956D46DE8}") = "Common", "Common", "{C31ABB6F-7DF9-4F0C-9546-A781322CB5B1}"
EndProject
Project("{9A19103F-16F7-4668-BE54-9A1E7A4F7556}") = "myLearning.Common.DataAccess.EFCore", "myLearning.Common.DataAccess.EFCore\myLearning.Common.DataAccess.EFCore.csproj", "{55173229-7410-415B-B88B-C45BF09BCBFF}"
EndProject
Project("{9A19103F-16F7-4668-BE54-9A1E7A4F7556}") = "myLearning.Common.Utils", "myLearning.Common.Utils\myLearning.Common.Utils.csproj", "{2DD058FC-72A9-4F87-A6C1-C42DB421D93B}"
EndProject
Project("{9A19103F-16F7-4668-BE54-9A1E7A4F7556}") = "myLearning.Entities", "myLearning.Entities\myLearning.Entities.csproj", "{F0B69CCC-49A1-4C64-847D-294E61B84E8F}"
EndProject
Project("{FAE04EC0-301F-11D3-BF4B-00C04F79EFBC}") = "myLearning.Common.Entities", "myLearning.Common.Entities\myLearning.Common.Entities.csproj", "{42BA8DDF-B150-4E7E-B181-C80BFC861BDA}"
EndProject
Project("{FAE04EC0-301F-11D3-BF4B-00C04F79EFBC}") = "myLearning.Common.Application", "myLearning.Common.Application\myLearning.Common.Application.csproj", "{F5A17D05-5570-4E21-BBEF-7618A8F15BB6}"
EndProject
Global
	GlobalSection(SolutionConfigurationPlatforms) = preSolution
		Debug|Any CPU = Debug|Any CPU
		Release|Any CPU = Release|Any CPU
	EndGlobalSection
	GlobalSection(ProjectConfigurationPlatforms) = postSolution
		{5A8D1EDE-1875-48AB-A744-676D947A4EC2}.Debug|Any CPU.ActiveCfg = Debug|Any CPU
		{5A8D1EDE-1875-48AB-A744-676D947A4EC2}.Debug|Any CPU.Build.0 = Debug|Any CPU
		{5A8D1EDE-1875-48AB-A744-676D947A4EC2}.Debug|Any CPU.Deploy.0 = Debug|Any CPU
		{5A8D1EDE-1875-48AB-A744-676D947A4EC2}.Release|Any CPU.ActiveCfg = Release|Any CPU
		{5A8D1EDE-1875-48AB-A744-676D947A4EC2}.Release|Any CPU.Build.0 = Release|Any CPU
		{5A8D1EDE-1875-48AB-A744-676D947A4EC2}.Release|Any CPU.Deploy.0 = Release|Any CPU
		{F5248883-A9B3-47F6-B1EB-7710CD4DD489}.Debug|Any CPU.ActiveCfg = Debug|Any CPU
		{F5248883-A9B3-47F6-B1EB-7710CD4DD489}.Debug|Any CPU.Build.0 = Debug|Any CPU
		{F5248883-A9B3-47F6-B1EB-7710CD4DD489}.Release|Any CPU.ActiveCfg = Release|Any CPU
		{F5248883-A9B3-47F6-B1EB-7710CD4DD489}.Release|Any CPU.Build.0 = Release|Any CPU
		{8E05A038-610C-4DBF-8FF4-CA025147D12F}.Debug|Any CPU.ActiveCfg = Debug|Any CPU
		{8E05A038-610C-4DBF-8FF4-CA025147D12F}.Debug|Any CPU.Build.0 = Debug|Any CPU
		{8E05A038-610C-4DBF-8FF4-CA025147D12F}.Release|Any CPU.ActiveCfg = Release|Any CPU
		{8E05A038-610C-4DBF-8FF4-CA025147D12F}.Release|Any CPU.Build.0 = Release|Any CPU
		{F4CD78F6-F0E0-41F6-A33A-C77E1E0DD202}.Debug|Any CPU.ActiveCfg = Debug|Any CPU
		{F4CD78F6-F0E0-41F6-A33A-C77E1E0DD202}.Debug|Any CPU.Build.0 = Debug|Any CPU
		{F4CD78F6-F0E0-41F6-A33A-C77E1E0DD202}.Release|Any CPU.ActiveCfg = Release|Any CPU
		{F4CD78F6-F0E0-41F6-A33A-C77E1E0DD202}.Release|Any CPU.Build.0 = Release|Any CPU
		{CF50DA7B-97DE-424C-B4BE-273F2BED03A6}.Debug|Any CPU.ActiveCfg = Debug|Any CPU
		{CF50DA7B-97DE-424C-B4BE-273F2BED03A6}.Debug|Any CPU.Build.0 = Debug|Any CPU
		{CF50DA7B-97DE-424C-B4BE-273F2BED03A6}.Release|Any CPU.ActiveCfg = Release|Any CPU
		{CF50DA7B-97DE-424C-B4BE-273F2BED03A6}.Release|Any CPU.Build.0 = Release|Any CPU
		{7BA70ACA-7224-4CB6-9C3E-4556C8C8C20E}.Debug|Any CPU.ActiveCfg = Debug|Any CPU
		{7BA70ACA-7224-4CB6-9C3E-4556C8C8C20E}.Debug|Any CPU.Build.0 = Debug|Any CPU
		{7BA70ACA-7224-4CB6-9C3E-4556C8C8C20E}.Release|Any CPU.ActiveCfg = Release|Any CPU
		{7BA70ACA-7224-4CB6-9C3E-4556C8C8C20E}.Release|Any CPU.Build.0 = Release|Any CPU
		{55173229-7410-415B-B88B-C45BF09BCBFF}.Debug|Any CPU.ActiveCfg = Debug|Any CPU
		{55173229-7410-415B-B88B-C45BF09BCBFF}.Debug|Any CPU.Build.0 = Debug|Any CPU
		{55173229-7410-415B-B88B-C45BF09BCBFF}.Release|Any CPU.ActiveCfg = Release|Any CPU
		{55173229-7410-415B-B88B-C45BF09BCBFF}.Release|Any CPU.Build.0 = Release|Any CPU
		{2DD058FC-72A9-4F87-A6C1-C42DB421D93B}.Debug|Any CPU.ActiveCfg = Debug|Any CPU
		{2DD058FC-72A9-4F87-A6C1-C42DB421D93B}.Debug|Any CPU.Build.0 = Debug|Any CPU
		{2DD058FC-72A9-4F87-A6C1-C42DB421D93B}.Release|Any CPU.ActiveCfg = Release|Any CPU
		{2DD058FC-72A9-4F87-A6C1-C42DB421D93B}.Release|Any CPU.Build.0 = Release|Any CPU
		{F0B69CCC-49A1-4C64-847D-294E61B84E8F}.Debug|Any CPU.ActiveCfg = Debug|Any CPU
		{F0B69CCC-49A1-4C64-847D-294E61B84E8F}.Debug|Any CPU.Build.0 = Debug|Any CPU
		{F0B69CCC-49A1-4C64-847D-294E61B84E8F}.Release|Any CPU.ActiveCfg = Release|Any CPU
		{F0B69CCC-49A1-4C64-847D-294E61B84E8F}.Release|Any CPU.Build.0 = Release|Any CPU
		{42BA8DDF-B150-4E7E-B181-C80BFC861BDA}.Debug|Any CPU.ActiveCfg = Debug|Any CPU
		{42BA8DDF-B150-4E7E-B181-C80BFC861BDA}.Debug|Any CPU.Build.0 = Debug|Any CPU
		{42BA8DDF-B150-4E7E-B181-C80BFC861BDA}.Release|Any CPU.ActiveCfg = Release|Any CPU
		{42BA8DDF-B150-4E7E-B181-C80BFC861BDA}.Release|Any CPU.Build.0 = Release|Any CPU
		{F5A17D05-5570-4E21-BBEF-7618A8F15BB6}.Debug|Any CPU.ActiveCfg = Debug|Any CPU
		{F5A17D05-5570-4E21-BBEF-7618A8F15BB6}.Debug|Any CPU.Build.0 = Debug|Any CPU
		{F5A17D05-5570-4E21-BBEF-7618A8F15BB6}.Release|Any CPU.ActiveCfg = Release|Any CPU
		{F5A17D05-5570-4E21-BBEF-7618A8F15BB6}.Release|Any CPU.Build.0 = Release|Any CPU
	EndGlobalSection
	GlobalSection(SolutionProperties) = preSolution
		HideSolutionNode = FALSE
	EndGlobalSection
	GlobalSection(NestedProjects) = preSolution
		{55173229-7410-415B-B88B-C45BF09BCBFF} = {C31ABB6F-7DF9-4F0C-9546-A781322CB5B1}
		{2DD058FC-72A9-4F87-A6C1-C42DB421D93B} = {C31ABB6F-7DF9-4F0C-9546-A781322CB5B1}
		{42BA8DDF-B150-4E7E-B181-C80BFC861BDA} = {C31ABB6F-7DF9-4F0C-9546-A781322CB5B1}
		{F5A17D05-5570-4E21-BBEF-7618A8F15BB6} = {C31ABB6F-7DF9-4F0C-9546-A781322CB5B1}
	EndGlobalSection
	GlobalSection(ExtensibilityGlobals) = postSolution
		SolutionGuid = {BAA485DD-7B5E-4160-BA6C-B0ECF4DDEE13}
	EndGlobalSection
EndGlobal
